
Microsoft Visual Studio Solution File, Format Version 10.00
# Visual Studio 2008
Project("{8BC9CEB8-8B4A-11D0-8D11-00A0C91BC942}") = "col_dll", "col_dll.vcproj", "{CC3967E0-F939-4183-8F7B-9C0451A0D534}"
EndProject
Global
	GlobalSection(SolutionConfigurationPlatforms) = preSolution
		Debug|Win32 = Debug|Win32
		Release|Win32 = Release|Win32
	EndGlobalSection
	GlobalSection(ProjectConfigurationPlatforms) = postSolution
		{CC3967E0-F939-4183-8F7B-9C0451A0D534}.Debug|Win32.ActiveCfg = Debug|Win32
		{CC3967E0-F939-4183-8F7B-9C0451A0D534}.Debug|Win32.Build.0 = Debug|Win32
		{CC3967E0-F939-4183-8F7B-9C0451A0D534}.Release|Win32.ActiveCfg = Release|Win32
		{CC3967E0-F939-4183-8F7B-9C0451A0D534}.Release|Win32.Build.0 = Release|Win32
	EndGlobalSection
	GlobalSection(SolutionProperties) = preSolution
		HideSolutionNode = FALSE
	EndGlobalSection
EndGlobal
