
Microsoft Visual Studio Solution File, Format Version 10.00
# Visual Studio 2008
Project("{8BC9CEB8-8B4A-11D0-8D11-00A0C91BC942}") = "c_server", "c_server.vcproj", "{FBEF9DBC-B551-4FA6-82DF-5D940F64C89E}"
EndProject
Global
	GlobalSection(SolutionConfigurationPlatforms) = preSolution
		Debug|Win32 = Debug|Win32
		Release|Win32 = Release|Win32
	EndGlobalSection
	GlobalSection(ProjectConfigurationPlatforms) = postSolution
		{FBEF9DBC-B551-4FA6-82DF-5D940F64C89E}.Debug|Win32.ActiveCfg = Debug|Win32
		{FBEF9DBC-B551-4FA6-82DF-5D940F64C89E}.Debug|Win32.Build.0 = Debug|Win32
		{FBEF9DBC-B551-4FA6-82DF-5D940F64C89E}.Release|Win32.ActiveCfg = Release|Win32
		{FBEF9DBC-B551-4FA6-82DF-5D940F64C89E}.Release|Win32.Build.0 = Release|Win32
	EndGlobalSection
	GlobalSection(SolutionProperties) = preSolution
		HideSolutionNode = FALSE
	EndGlobalSection
EndGlobal
